#MicroXplorer Configuration settings - do not modify
Mcu.Family=STM32F1
ProjectManager.MainLocation=Core/Src
RCC.MCOFreq_Value=72000000
PA6.Mode=Full_Duplex_Master
ProjectManager.KeepUserCode=true
Mcu.UserName=STM32F103ZETx
SPI1.VirtualType=VM_MASTER
RCC.PLLCLKFreq_Value=72000000
PB14.GPIO_Label=LED1
PG3.GPIOParameters=GPIO_Speed,GPIO_PuPd,GPIO_Label
ProjectManager.functionlistsort=1-MX_GPIO_Init-GPIO-false-HAL-true,2-SystemClock_Config-RCC-false-HAL-false,3-MX_USART1_UART_Init-USART1-false-HAL-true,4-MX_SPI1_Init-SPI1-false-HAL-true
RCC.ADCFreqValue=36000000
PG5.GPIO_ModeDefaultOutputPP=GPIO_MODE_OUTPUT_PP
USART1.IPParameters=VirtualMode
PG5.GPIO_Label=LED5
PinOutPanel.RotationAngle=0
PE5.GPIOParameters=GPIO_Speed,PinState,GPIO_PuPd,GPIO_Label,GPIO_ModeDefaultOutputPP
RCC.SYSCLKSource=RCC_SYSCLKSOURCE_PLLCLK
ProjectManager.StackSize=0x400
PG3.GPIO_PuPd=GPIO_PULLDOWN
PD13.Signal=GPIO_Output
Mcu.IP4=USART1
RCC.FCLKCortexFreq_Value=72000000
PD11.GPIO_PuPd=GPIO_PULLDOWN
PD13.Locked=true
NVIC.SVCall_IRQn=true\:0\:0\:false\:false\:true\:false\:false
Mcu.IP2=SPI1
RCC.SDIOHCLKDiv2FreqValue=36000000
Mcu.IP3=SYS
Mcu.IP0=NVIC
Mcu.IP1=RCC
PE4.GPIOParameters=GPIO_PuPd,GPIO_Label
Mcu.UserConstants=
PE5.GPIO_PuPd=GPIO_PULLUP
Mcu.ThirdPartyNb=0
RCC.SDIOFreq_Value=72000000
SPI1.Direction=SPI_DIRECTION_2LINES
PD11.GPIO_Label=LED2
RCC.HCLKFreq_Value=72000000
Mcu.IPNb=5
ProjectManager.PreviousToolchain=STM32CubeIDE
RCC.APB2TimFreq_Value=72000000
SPI1.CalculateBaudRate=2.25 MBits/s
Mcu.Pin6=PA6
PG5.GPIO_PuPd=GPIO_PULLDOWN
Mcu.Pin7=PA7
Mcu.Pin8=PC4
PE5.Signal=GPIO_Output
Mcu.Pin9=PB14
OSC_OUT.Mode=HSE-External-Oscillator
OSC_OUT.Signal=RCC_OSC_OUT
RCC.AHBFreq_Value=72000000
Mcu.Pin0=PE4
Mcu.Pin1=PE5
GPIO.groupedBy=Group By Peripherals
Mcu.Pin2=OSC_IN
Mcu.Pin3=OSC_OUT
Mcu.Pin4=PA4
Mcu.Pin5=PA5
ProjectManager.ProjectBuild=false
NVIC.UsageFault_IRQn=true\:0\:0\:false\:false\:true\:false\:false
NVIC.DebugMonitor_IRQn=true\:0\:0\:false\:false\:true\:false\:false
PA4.GPIO_PuPd=GPIO_PULLUP
PA4.Locked=true
NVIC.SysTick_IRQn=true\:0\:0\:false\:false\:true\:false\:true
RCC.PLLMUL=RCC_PLL_MUL9
PA4.GPIO_Speed=GPIO_SPEED_FREQ_HIGH
ProjectManager.FirmwarePackage=STM32Cube FW_F1 V1.8.3
MxDb.Version=DB.6.0.10
ProjectManager.BackupPrevious=false
PC4.GPIO_Label=MCU_IRQ
PA14.Mode=Serial_Wire
File.Version=6
PE4.GPIO_Label=KEY0
PE5.PinState=GPIO_PIN_SET
PG7.GPIO_PuPd=GPIO_PULLDOWN
NVIC.PendSV_IRQn=true\:0\:0\:false\:false\:true\:false\:false
PE4.Signal=GPIO_Input
ProjectManager.HalAssertFull=false
ProjectManager.ProjectName=TestZET6
RCC.PLLMCOFreq_Value=36000000
PD13.GPIO_Label=LED3
Mcu.Package=LQFP144
PB14.GPIO_PuPd=GPIO_PULLDOWN
PA6.Signal=SPI1_MISO
RCC.I2S2Freq_Value=72000000
PD11.Locked=true
PG5.GPIOParameters=GPIO_Speed,PinState,GPIO_PuPd,GPIO_Label,GPIO_ModeDefaultOutputPP
ProjectManager.ToolChainLocation=
VP_SYS_VS_Systick.Signal=SYS_VS_Systick
PA10.Signal=USART1_RX
PB14.GPIOParameters=GPIO_Speed,PinState,GPIO_PuPd,GPIO_Label,GPIO_ModeDefaultOutputPP
PA4.GPIO_ModeDefaultOutputPP=GPIO_MODE_OUTPUT_PP
RCC.APB1TimFreq_Value=72000000
NVIC.BusFault_IRQn=true\:0\:0\:false\:false\:true\:false\:false
PC4.Locked=true
NVIC.USART1_IRQn=true\:1\:1\:true\:false\:true\:true\:true
SPI1.BaudRatePrescaler=SPI_BAUDRATEPRESCALER_32
PA4.GPIO_Label=SPI1_NSS
ProjectManager.CustomerFirmwarePackage=
PC4.GPIOParameters=GPIO_PuPd,GPIO_Label,GPIO_ModeDefaultEXTI
PA5.Mode=Full_Duplex_Master
RCC.PLLSourceVirtual=RCC_PLLSOURCE_HSE
NVIC.EXTI4_IRQn=true\:1\:0\:true\:false\:true\:true\:true
PC4.GPIO_ModeDefaultEXTI=GPIO_MODE_IT_RISING
ProjectManager.ProjectFileName=TestZET6.ioc
PG7.Locked=true
PA7.Mode=Full_Duplex_Master
PG7.Signal=GPIO_Output
Mcu.PinsNb=20
PA10.Mode=Asynchronous
ProjectManager.NoMain=false
SPI1.IPParameters=VirtualType,Mode,Direction,BaudRatePrescaler,CalculateBaudRate,CLKPhase
PG3.Signal=GPIO_Output
PC4.GPIO_PuPd=GPIO_PULLDOWN
PG5.Locked=true
PG5.Signal=GPIO_Output
PG3.Locked=true
PC4.Signal=GPXTI4
PD13.GPIOParameters=GPIO_Speed,GPIO_PuPd,GPIO_Label,GPIO_ModeDefaultOutputPP
ProjectManager.DefaultFWLocation=true
SPI1.CLKPhase=SPI_PHASE_2EDGE
ProjectManager.DeletePrevious=true
PB14.Locked=true
RCC.APB1CLKDivider=RCC_HCLK_DIV2
RCC.FamilyName=M
RCC.I2S3Freq_Value=72000000
PA13.Signal=SYS_JTMS-SWDIO
PA9.Mode=Asynchronous
PB14.PinState=GPIO_PIN_RESET
PA4.PinState=GPIO_PIN_SET
ProjectManager.TargetToolchain=STM32CubeIDE
PB14.GPIO_Speed=GPIO_SPEED_FREQ_HIGH
PG5.PinState=GPIO_PIN_RESET
PD11.GPIO_Speed=GPIO_SPEED_FREQ_HIGH
PA9.Signal=USART1_TX
PE4.Locked=true
ProjectManager.RegisterCallBack=
OSC_IN.Signal=RCC_OSC_IN
RCC.USBFreq_Value=72000000
PB14.GPIO_ModeDefaultOutputPP=GPIO_MODE_OUTPUT_PP
PB14.Signal=GPIO_Output
PA5.Signal=SPI1_SCK
board=custom
PD13.GPIO_Speed=GPIO_SPEED_FREQ_HIGH
ProjectManager.LastFirmware=true
PD11.GPIOParameters=GPIO_Speed,GPIO_PuPd,GPIO_Label
RCC.VCOOutput2Freq_Value=8000000
PG7.GPIO_Speed=GPIO_SPEED_FREQ_HIGH
RCC.APB2Freq_Value=72000000
MxCube.Version=6.1.1
SPI1.Mode=SPI_MODE_MASTER
PG7.GPIO_Label=LED6
VP_SYS_VS_Systick.Mode=SysTick
PD13.GPIO_PuPd=GPIO_PULLDOWN
NVIC.NonMaskableInt_IRQn=true\:0\:0\:false\:false\:true\:false\:false
PA4.GPIOParameters=GPIO_Speed,PinState,GPIO_PuPd,GPIO_Label,GPIO_ModeDefaultOutputPP
PE5.Locked=true
PA13.Mode=Serial_Wire
ProjectManager.FreePins=false
RCC.IPParameters=ADCFreqValue,AHBFreq_Value,APB1CLKDivider,APB1Freq_Value,APB1TimFreq_Value,APB2Freq_Value,APB2TimFreq_Value,FCLKCortexFreq_Value,FSMCFreq_Value,FamilyName,HCLKFreq_Value,I2S2Freq_Value,I2S3Freq_Value,MCOFreq_Value,PLLCLKFreq_Value,PLLMCOFreq_Value,PLLMUL,PLLSourceVirtual,SDIOFreq_Value,SDIOHCLKDiv2FreqValue,SYSCLKFreq_VALUE,SYSCLKSource,TimSysFreq_Value,USBFreq_Value,VCOOutput2Freq_Value
ProjectManager.AskForMigrate=true
Mcu.Name=STM32F103Z(C-D-E)Tx
ProjectManager.UnderRoot=true
PE4.GPIO_PuPd=GPIO_PULLUP
RCC.FSMCFreq_Value=72000000
ProjectManager.CoupleFile=true
PA4.Signal=GPIO_Output
RCC.SYSCLKFreq_VALUE=72000000
RCC.TimSysFreq_Value=72000000
SH.GPXTI4.0=GPIO_EXTI4
NVIC.ForceEnableDMAVector=true
KeepUserPlacement=false
OSC_IN.Mode=HSE-External-Oscillator
PD11.Signal=GPIO_Output
PD13.GPIO_ModeDefaultOutputPP=GPIO_MODE_OUTPUT_PP
NVIC.MemoryManagement_IRQn=true\:0\:0\:false\:false\:true\:false\:false
PE5.GPIO_Label=LED0
USART1.VirtualMode=VM_ASYNC
ProjectManager.CompilerOptimize=6
PG3.GPIO_Speed=GPIO_SPEED_FREQ_HIGH
PA14.Signal=SYS_JTCK-SWCLK
ProjectManager.HeapSize=0x200
Mcu.Pin15=PA9
NVIC.HardFault_IRQn=true\:0\:0\:false\:false\:true\:false\:false
PE5.GPIO_ModeDefaultOutputPP=GPIO_MODE_OUTPUT_PP
Mcu.Pin16=PA10
SH.GPXTI4.ConfNb=1
Mcu.Pin13=PG5
Mcu.Pin14=PG7
Mcu.Pin19=VP_SYS_VS_Systick
ProjectManager.ComputerToolchain=false
Mcu.Pin17=PA13
Mcu.Pin18=PA14
NVIC.PriorityGroup=NVIC_PRIORITYGROUP_2
Mcu.Pin11=PD13
Mcu.Pin12=PG3
Mcu.Pin10=PD11
PE5.GPIO_Speed=GPIO_SPEED_FREQ_HIGH
PG3.GPIO_Label=LED4
PG5.GPIO_Speed=GPIO_SPEED_FREQ_HIGH
RCC.APB1Freq_Value=36000000
ProjectManager.DeviceId=STM32F103ZETx
PG7.GPIOParameters=GPIO_Speed,GPIO_PuPd,GPIO_Label
ProjectManager.LibraryCopy=1
PA7.Signal=SPI1_MOSI
isbadioc=false
